
Microsoft Visual Studio Solution File, Format Version 12.00
# Visual Studio Version 16
VisualStudioVersion = 16.0.31026.101
MinimumVisualStudioVersion = 10.0.40219.1
Project("{9A19103F-16F7-4668-BE54-9A1E7A4F7556}") = "Tests", "Tests\Tests.csproj", "{A42B9F50-816A-4165-882B-8440C973A5D1}"
EndProject
Project("{FAE04EC0-301F-11D3-BF4B-00C04F79EFBC}") = "UnitTestProject1", "UnitTestProject1\UnitTestProject1.csproj", "{CF0B7524-5C89-48A3-9439-C3AF26ED5822}"
EndProject
Global
	GlobalSection(SolutionConfigurationPlatforms) = preSolution
		Debug|Any CPU = Debug|Any CPU
		Release|Any CPU = Release|Any CPU
	EndGlobalSection
	GlobalSection(ProjectConfigurationPlatforms) = postSolution
		{A42B9F50-816A-4165-882B-8440C973A5D1}.Debug|Any CPU.ActiveCfg = Debug|Any CPU
		{A42B9F50-816A-4165-882B-8440C973A5D1}.Debug|Any CPU.Build.0 = Debug|Any CPU
		{A42B9F50-816A-4165-882B-8440C973A5D1}.Release|Any CPU.ActiveCfg = Release|Any CPU
		{A42B9F50-816A-4165-882B-8440C973A5D1}.Release|Any CPU.Build.0 = Release|Any CPU
		{CF0B7524-5C89-48A3-9439-C3AF26ED5822}.Debug|Any CPU.ActiveCfg = Debug|Any CPU
		{CF0B7524-5C89-48A3-9439-C3AF26ED5822}.Debug|Any CPU.Build.0 = Debug|Any CPU
		{CF0B7524-5C89-48A3-9439-C3AF26ED5822}.Release|Any CPU.ActiveCfg = Release|Any CPU
		{CF0B7524-5C89-48A3-9439-C3AF26ED5822}.Release|Any CPU.Build.0 = Release|Any CPU
	EndGlobalSection
	GlobalSection(SolutionProperties) = preSolution
		HideSolutionNode = FALSE
	EndGlobalSection
	GlobalSection(ExtensibilityGlobals) = postSolution
		SolutionGuid = {514800EC-2CF5-44B8-A915-8E902D3B0B26}
	EndGlobalSection
EndGlobal
